
Microsoft Visual Studio Solution File, Format Version 12.00
# Visual Studio Version 17
VisualStudioVersion = 17.0.31903.59
MinimumVisualStudioVersion = 10.0.40219.1
Project("{2150E333-8FDC-42A3-9474-1A3956D46DE8}") = "src", "src", "{12756CC5-405D-4553-9C25-F55E790F8F2B}"
EndProject
Project("{2150E333-8FDC-42A3-9474-1A3956D46DE8}") = "Domain", "Domain", "{F1FA8CC7-74F4-45D4-AD0E-E323E3F62D8A}"
EndProject
Project("{2150E333-8FDC-42A3-9474-1A3956D46DE8}") = "Presentation", "Presentation", "{4B868C1F-DE94-4F09-8377-93248BD221CF}"
EndProject
Project("{2150E333-8FDC-42A3-9474-1A3956D46DE8}") = "Application", "Application", "{359A8E88-2497-435F-A15A-22C19F191CF6}"
EndProject
Project("{2150E333-8FDC-42A3-9474-1A3956D46DE8}") = "infrastructure", "infrastructure", "{2BE2C9C3-18C8-45EE-924F-AF493B5F9D5C}"
EndProject
Project("{FAE04EC0-301F-11D3-BF4B-00C04F79EFBC}") = "OrdersSystem.Application", "OrdersSystem.Application\OrdersSystem.Application.csproj", "{50EB1EAA-BB5A-4A43-A35A-22A4D9109BAD}"
EndProject
Project("{FAE04EC0-301F-11D3-BF4B-00C04F79EFBC}") = "OrdersSystem.Domain", "OrdersSystem.Domain\OrdersSystem.Domain.csproj", "{35836ACB-9591-4EC4-93AE-C88B826A3233}"
EndProject
Project("{FAE04EC0-301F-11D3-BF4B-00C04F79EFBC}") = "OrdersSystem.Infra", "OrdersSystem.Infra\OrdersSystem.Infra.csproj", "{CDDA676B-9ABF-4836-AE7D-8B062F6A128E}"
EndProject
Project("{FAE04EC0-301F-11D3-BF4B-00C04F79EFBC}") = "OrdersSystem.Http", "OrdersSystem.Http\OrdersSystem.Http.csproj", "{5217B12C-B949-4F98-B372-46181AA5264C}"
EndProject
Project("{FAE04EC0-301F-11D3-BF4B-00C04F79EFBC}") = "OrdersSystem.Presentation.Api", "OrdersSystem.Presentation.Api\OrdersSystem.Presentation.Api.csproj", "{3BA663F0-F9E7-4516-8BCA-68623D7494F9}"
EndProject
Global
	GlobalSection(SolutionConfigurationPlatforms) = preSolution
		Debug|Any CPU = Debug|Any CPU
		Release|Any CPU = Release|Any CPU
	EndGlobalSection
	GlobalSection(ProjectConfigurationPlatforms) = postSolution
		{50EB1EAA-BB5A-4A43-A35A-22A4D9109BAD}.Debug|Any CPU.ActiveCfg = Debug|Any CPU
		{50EB1EAA-BB5A-4A43-A35A-22A4D9109BAD}.Debug|Any CPU.Build.0 = Debug|Any CPU
		{50EB1EAA-BB5A-4A43-A35A-22A4D9109BAD}.Release|Any CPU.ActiveCfg = Release|Any CPU
		{50EB1EAA-BB5A-4A43-A35A-22A4D9109BAD}.Release|Any CPU.Build.0 = Release|Any CPU
		{35836ACB-9591-4EC4-93AE-C88B826A3233}.Debug|Any CPU.ActiveCfg = Debug|Any CPU
		{35836ACB-9591-4EC4-93AE-C88B826A3233}.Debug|Any CPU.Build.0 = Debug|Any CPU
		{35836ACB-9591-4EC4-93AE-C88B826A3233}.Release|Any CPU.ActiveCfg = Release|Any CPU
		{35836ACB-9591-4EC4-93AE-C88B826A3233}.Release|Any CPU.Build.0 = Release|Any CPU
		{CDDA676B-9ABF-4836-AE7D-8B062F6A128E}.Debug|Any CPU.ActiveCfg = Debug|Any CPU
		{CDDA676B-9ABF-4836-AE7D-8B062F6A128E}.Debug|Any CPU.Build.0 = Debug|Any CPU
		{CDDA676B-9ABF-4836-AE7D-8B062F6A128E}.Release|Any CPU.ActiveCfg = Release|Any CPU
		{CDDA676B-9ABF-4836-AE7D-8B062F6A128E}.Release|Any CPU.Build.0 = Release|Any CPU
		{5217B12C-B949-4F98-B372-46181AA5264C}.Debug|Any CPU.ActiveCfg = Debug|Any CPU
		{5217B12C-B949-4F98-B372-46181AA5264C}.Debug|Any CPU.Build.0 = Debug|Any CPU
		{5217B12C-B949-4F98-B372-46181AA5264C}.Release|Any CPU.ActiveCfg = Release|Any CPU
		{5217B12C-B949-4F98-B372-46181AA5264C}.Release|Any CPU.Build.0 = Release|Any CPU
		{3BA663F0-F9E7-4516-8BCA-68623D7494F9}.Debug|Any CPU.ActiveCfg = Debug|Any CPU
		{3BA663F0-F9E7-4516-8BCA-68623D7494F9}.Debug|Any CPU.Build.0 = Debug|Any CPU
		{3BA663F0-F9E7-4516-8BCA-68623D7494F9}.Release|Any CPU.ActiveCfg = Release|Any CPU
		{3BA663F0-F9E7-4516-8BCA-68623D7494F9}.Release|Any CPU.Build.0 = Release|Any CPU
	EndGlobalSection
	GlobalSection(SolutionProperties) = preSolution
		HideSolutionNode = FALSE
	EndGlobalSection
	GlobalSection(NestedProjects) = preSolution
		{F1FA8CC7-74F4-45D4-AD0E-E323E3F62D8A} = {12756CC5-405D-4553-9C25-F55E790F8F2B}
		{4B868C1F-DE94-4F09-8377-93248BD221CF} = {12756CC5-405D-4553-9C25-F55E790F8F2B}
		{359A8E88-2497-435F-A15A-22C19F191CF6} = {12756CC5-405D-4553-9C25-F55E790F8F2B}
		{2BE2C9C3-18C8-45EE-924F-AF493B5F9D5C} = {12756CC5-405D-4553-9C25-F55E790F8F2B}
		{50EB1EAA-BB5A-4A43-A35A-22A4D9109BAD} = {359A8E88-2497-435F-A15A-22C19F191CF6}
		{35836ACB-9591-4EC4-93AE-C88B826A3233} = {F1FA8CC7-74F4-45D4-AD0E-E323E3F62D8A}
		{CDDA676B-9ABF-4836-AE7D-8B062F6A128E} = {2BE2C9C3-18C8-45EE-924F-AF493B5F9D5C}
		{5217B12C-B949-4F98-B372-46181AA5264C} = {4B868C1F-DE94-4F09-8377-93248BD221CF}
		{3BA663F0-F9E7-4516-8BCA-68623D7494F9} = {4B868C1F-DE94-4F09-8377-93248BD221CF}
	EndGlobalSection
EndGlobal
