
Microsoft Visual Studio Solution File, Format Version 12.00
# Visual Studio Version 17
VisualStudioVersion = 17.0.31903.59
MinimumVisualStudioVersion = 10.0.40219.1
Project("{2150E333-8FDC-42A3-9474-1A3956D46DE8}") = "src", "src", "{C8901394-60D2-4534-9570-28CC27B23D75}"
EndProject
Project("{2150E333-8FDC-42A3-9474-1A3956D46DE8}") = "Domain", "Domain", "{1A113513-C5E8-4F03-9A74-F59AA763C3C1}"
EndProject
Project("{2150E333-8FDC-42A3-9474-1A3956D46DE8}") = "Presentation", "Presentation", "{E61884F5-CD70-4ED5-8ABF-482C1A2B4096}"
EndProject
Project("{2150E333-8FDC-42A3-9474-1A3956D46DE8}") = "Infrastructure", "Infrastructure", "{E3D5FCFA-EAAA-4DDC-A090-A7ED38961882}"
EndProject
Project("{2150E333-8FDC-42A3-9474-1A3956D46DE8}") = "Application", "Application", "{7A300789-CA0D-47FD-88C6-360FD5323A22}"
EndProject
Project("{FAE04EC0-301F-11D3-BF4B-00C04F79EFBC}") = "PaymentSystem.Domain", "PaymentSystem.Domain\PaymentSystem.Domain.csproj", "{2B814A54-759C-41EE-A9C0-BFEDE3A00C8E}"
EndProject
Project("{FAE04EC0-301F-11D3-BF4B-00C04F79EFBC}") = "PaymentSystem.Application", "PaymentSystem.Application\PaymentSystem.Application.csproj", "{6539E85A-0F7E-4A35-908A-4903D3CD07BF}"
EndProject
Project("{FAE04EC0-301F-11D3-BF4B-00C04F79EFBC}") = "PaymentSystem.Infra", "PaymentSystem.Infra\PaymentSystem.Infra.csproj", "{9F06174A-02F3-4181-90D1-56F220B6992C}"
EndProject
Project("{FAE04EC0-301F-11D3-BF4B-00C04F79EFBC}") = "PaymentSystem.Presentation.Api", "PaymentSystem.Presentation.Api\PaymentSystem.Presentation.Api.csproj", "{D270EC54-1DE7-4687-8452-069C50FC929B}"
EndProject
Project("{FAE04EC0-301F-11D3-BF4B-00C04F79EFBC}") = "PaymentSystem.Http", "PaymentSystem.Http\PaymentSystem.Http.csproj", "{7DCFC8A8-F406-4993-B043-0B2A5CB053DA}"
EndProject
Global
	GlobalSection(SolutionConfigurationPlatforms) = preSolution
		Debug|Any CPU = Debug|Any CPU
		Release|Any CPU = Release|Any CPU
	EndGlobalSection
	GlobalSection(ProjectConfigurationPlatforms) = postSolution
		{2B814A54-759C-41EE-A9C0-BFEDE3A00C8E}.Debug|Any CPU.ActiveCfg = Debug|Any CPU
		{2B814A54-759C-41EE-A9C0-BFEDE3A00C8E}.Debug|Any CPU.Build.0 = Debug|Any CPU
		{2B814A54-759C-41EE-A9C0-BFEDE3A00C8E}.Release|Any CPU.ActiveCfg = Release|Any CPU
		{2B814A54-759C-41EE-A9C0-BFEDE3A00C8E}.Release|Any CPU.Build.0 = Release|Any CPU
		{6539E85A-0F7E-4A35-908A-4903D3CD07BF}.Debug|Any CPU.ActiveCfg = Debug|Any CPU
		{6539E85A-0F7E-4A35-908A-4903D3CD07BF}.Debug|Any CPU.Build.0 = Debug|Any CPU
		{6539E85A-0F7E-4A35-908A-4903D3CD07BF}.Release|Any CPU.ActiveCfg = Release|Any CPU
		{6539E85A-0F7E-4A35-908A-4903D3CD07BF}.Release|Any CPU.Build.0 = Release|Any CPU
		{9F06174A-02F3-4181-90D1-56F220B6992C}.Debug|Any CPU.ActiveCfg = Debug|Any CPU
		{9F06174A-02F3-4181-90D1-56F220B6992C}.Debug|Any CPU.Build.0 = Debug|Any CPU
		{9F06174A-02F3-4181-90D1-56F220B6992C}.Release|Any CPU.ActiveCfg = Release|Any CPU
		{9F06174A-02F3-4181-90D1-56F220B6992C}.Release|Any CPU.Build.0 = Release|Any CPU
		{D270EC54-1DE7-4687-8452-069C50FC929B}.Debug|Any CPU.ActiveCfg = Debug|Any CPU
		{D270EC54-1DE7-4687-8452-069C50FC929B}.Debug|Any CPU.Build.0 = Debug|Any CPU
		{D270EC54-1DE7-4687-8452-069C50FC929B}.Release|Any CPU.ActiveCfg = Release|Any CPU
		{D270EC54-1DE7-4687-8452-069C50FC929B}.Release|Any CPU.Build.0 = Release|Any CPU
		{7DCFC8A8-F406-4993-B043-0B2A5CB053DA}.Debug|Any CPU.ActiveCfg = Debug|Any CPU
		{7DCFC8A8-F406-4993-B043-0B2A5CB053DA}.Debug|Any CPU.Build.0 = Debug|Any CPU
		{7DCFC8A8-F406-4993-B043-0B2A5CB053DA}.Release|Any CPU.ActiveCfg = Release|Any CPU
		{7DCFC8A8-F406-4993-B043-0B2A5CB053DA}.Release|Any CPU.Build.0 = Release|Any CPU
	EndGlobalSection
	GlobalSection(SolutionProperties) = preSolution
		HideSolutionNode = FALSE
	EndGlobalSection
	GlobalSection(NestedProjects) = preSolution
		{1A113513-C5E8-4F03-9A74-F59AA763C3C1} = {C8901394-60D2-4534-9570-28CC27B23D75}
		{E61884F5-CD70-4ED5-8ABF-482C1A2B4096} = {C8901394-60D2-4534-9570-28CC27B23D75}
		{E3D5FCFA-EAAA-4DDC-A090-A7ED38961882} = {C8901394-60D2-4534-9570-28CC27B23D75}
		{7A300789-CA0D-47FD-88C6-360FD5323A22} = {C8901394-60D2-4534-9570-28CC27B23D75}
		{2B814A54-759C-41EE-A9C0-BFEDE3A00C8E} = {1A113513-C5E8-4F03-9A74-F59AA763C3C1}
		{6539E85A-0F7E-4A35-908A-4903D3CD07BF} = {7A300789-CA0D-47FD-88C6-360FD5323A22}
		{9F06174A-02F3-4181-90D1-56F220B6992C} = {E3D5FCFA-EAAA-4DDC-A090-A7ED38961882}
		{D270EC54-1DE7-4687-8452-069C50FC929B} = {E61884F5-CD70-4ED5-8ABF-482C1A2B4096}
		{7DCFC8A8-F406-4993-B043-0B2A5CB053DA} = {E61884F5-CD70-4ED5-8ABF-482C1A2B4096}
	EndGlobalSection
EndGlobal
